Microsoft Visual Studio Solution File, Format Version 12.00
# Visual Studio Version 17
VisualStudioVersion = 17.5.2.0
MinimumVisualStudioVersion = 10.0.40219.1
Project("{FAE04EC0-301F-11D3-BF4B-00C04F79EFBC}") = "TaskTracker.client", "TaskTracker.client.csproj", "{474BBC3F-40DA-C909-DB68-B86A3058DEB6}"
EndProject
Global
	GlobalSection(SolutionConfigurationPlatforms) = preSolution
		Debug|Any CPU = Debug|Any CPU
		Release|Any CPU = Release|Any CPU
	EndGlobalSection
	GlobalSection(ProjectConfigurationPlatforms) = postSolution
		{474BBC3F-40DA-C909-DB68-B86A3058DEB6}.Debug|Any CPU.ActiveCfg = Debug|Any CPU
		{474BBC3F-40DA-C909-DB68-B86A3058DEB6}.Debug|Any CPU.Build.0 = Debug|Any CPU
		{474BBC3F-40DA-C909-DB68-B86A3058DEB6}.Release|Any CPU.ActiveCfg = Release|Any CPU
		{474BBC3F-40DA-C909-DB68-B86A3058DEB6}.Release|Any CPU.Build.0 = Release|Any CPU
	EndGlobalSection
	GlobalSection(SolutionProperties) = preSolution
		HideSolutionNode = FALSE
	EndGlobalSection
	GlobalSection(ExtensibilityGlobals) = postSolution
		SolutionGuid = {5C012A72-AEAE-410C-8679-7C74544C9A7D}
	EndGlobalSection
EndGlobal
